
Microsoft Visual Studio Solution File, Format Version 12.00
# Visual Studio Version 16
VisualStudioVersion = 16.0.30804.86
MinimumVisualStudioVersion = 10.0.40219.1
Project("{FAE04EC0-301F-11D3-BF4B-00C04F79EFBC}") = "Osu.Candy", "Osu.Candy\Osu.Candy.csproj", "{DBC466BF-2581-480C-945D-8346EF080390}"
EndProject
Global
	GlobalSection(SolutionConfigurationPlatforms) = preSolution
		Debug|Any CPU = Debug|Any CPU
		Release|Any CPU = Release|Any CPU
	EndGlobalSection
	GlobalSection(ProjectConfigurationPlatforms) = postSolution
		{DBC466BF-2581-480C-945D-8346EF080390}.Debug|Any CPU.ActiveCfg = Debug|Any CPU
		{DBC466BF-2581-480C-945D-8346EF080390}.Debug|Any CPU.Build.0 = Debug|Any CPU
		{DBC466BF-2581-480C-945D-8346EF080390}.Release|Any CPU.ActiveCfg = Release|Any CPU
		{DBC466BF-2581-480C-945D-8346EF080390}.Release|Any CPU.Build.0 = Release|Any CPU
	EndGlobalSection
	GlobalSection(SolutionProperties) = preSolution
		HideSolutionNode = FALSE
	EndGlobalSection
	GlobalSection(ExtensibilityGlobals) = postSolution
		SolutionGuid = {638781A6-E0A8-4CE1-9C35-935D7B83940F}
	EndGlobalSection
EndGlobal
